{
  "version": 4,
  "terraform_version": "1.4.6",
  "serial": 6,
  "lineage": "df2dedda-47a5-e860-11c6-1615d4f2a501",
  "outputs": {
    "cluster_endpoint": {
      "value": "34.28.244.82",
      "type": "string"
    }
  },
  "resources": [
    {
      "mode": "managed",
      "type": "google_container_cluster",
      "name": "cluster",
      "provider": "provider[\"registry.terraform.io/hashicorp/google\"]",
      "instances": [
        {
          "schema_version": 1,
          "attributes": {
            "additional_zones": [],
            "addons_config": [
              {
                "horizontal_pod_autoscaling": [],
                "http_load_balancing": [],
                "kubernetes_dashboard": [],
                "network_policy_config": [
                  {
                    "disabled": true
                  }
                ]
              }
            ],
            "authenticator_groups_config": [],
            "cluster_autoscaling": [
              {
                "auto_provisioning_defaults": [],
                "enabled": false,
                "resource_limits": []
              }
            ],
            "cluster_ipv4_cidr": "10.32.0.0/14",
            "default_max_pods_per_node": 110,
            "description": "",
            "enable_binary_authorization": null,
            "enable_intranode_visibility": null,
            "enable_kubernetes_alpha": false,
            "enable_legacy_abac": false,
            "enable_tpu": null,
            "endpoint": "34.28.244.82",
            "id": "projects/k8-assignment-app/locations/us-central1-a/clusters/emayan-assignment-cluster",
            "initial_node_count": 1,
            "instance_group_urls": [
              "https://www.googleapis.com/compute/v1/projects/k8-assignment-app/zones/us-central1-a/instanceGroups/gke-emayan-assignment-cl-default-pool-55b7e897-grp"
            ],
            "ip_allocation_policy": [
              {
                "cluster_ipv4_cidr_block": "10.32.0.0/14",
                "cluster_secondary_range_name": "gke-emayan-assignment-cluster-pods-ccd479a7",
                "create_subnetwork": false,
                "node_ipv4_cidr_block": "",
                "services_ipv4_cidr_block": "10.36.0.0/20",
                "services_secondary_range_name": "gke-emayan-assignment-cluster-services-ccd479a7",
                "subnetwork_name": "",
                "use_ip_aliases": false
              }
            ],
            "location": "us-central1-a",
            "logging_service": "logging.googleapis.com/kubernetes",
            "maintenance_policy": [],
            "master_auth": [
              {
                "client_certificate": "",
                "client_certificate_config": [
                  {
                    "issue_client_certificate": false
                  }
                ],
                "client_key": "",
                "cluster_ca_certificate": "LS0tLS1CRUdJTiBDRVJUSUZJQ0FURS0tLS0tCk1JSUVMVENDQXBXZ0F3SUJBZ0lSQU1RWmdueWhyQTVmcDFoaXVDQ1JaSHd3RFFZSktvWklodmNOQVFFTEJRQXcKTHpFdE1Dc0dBMVVFQXhNa05UQmhNVEkwWlRVdE1tSmpNeTAwT0dVMUxXRTBZakl0TWpCaVpEUXlaR0kxTm1NdwpNQ0FYRFRJek1EWXhNakUwTURrd05sb1lEekl3TlRNd05qQTBNVFV3T1RBMldqQXZNUzB3S3dZRFZRUURFeVExCk1HRXhNalJsTlMweVltTXpMVFE0WlRVdFlUUmlNaTB5TUdKa05ESmtZalUyWXpBd2dnR2lNQTBHQ1NxR1NJYjMKRFFFQkFRVUFBNElCandBd2dnR0tBb0lCZ1FEUUhEY3VYQm9HWm9YRjJKdllGQi9hVmx2V0ZFNEdBL1Z6YkdVWApHSE92ZEdySXgvVkRlNStxVTZ6VWZBeXlTWEQrRzJkdnVtYVh2V25NelJHRUwxM3ljT2M1MGZCUHdTL1BHRFJ1ClNrN0d0UUxNMUJnOWtqVHdjWjdaZURiUVZxL2lJMnpsYmN4R3FkVkxyaGRPdlErK2MxNmlaOWQ2RjFjZnVJd1UKN2hwMjFReGp2SWdPeW5VSTJ3TjJOSHdiaVVuWGwyU2NTU2QwSzVOR2dXelUydFYwRUpRdXk0T2Ywa3lMbjJwbwpOQ0NxempaN0NPMUMyUWp2TG5pUU84R2F2ZGpUQnNVbFFoMzhlSk1CbVlBSWg0UzhZRUdxeUxvNGp0aHlRbkpXCk9uRnc5U1FHT1Job1hrMmhJVXYweC80RWp3cWh6UkY4OGFtVE5xN2dqMWFhY0xuNUdCcmFrVGJ1eEN6YjJCNVEKT0xaVDZpd3JHREdPVmczUERUZlhrcisxYzB3VUhBV3JBOTJvVlhOdUpyc3FPQWorSGFSSnU2YjhGdEtxWXF3Tgp3UlZ5T1JsSk9KRlFDYThFTTNHazJ3aTZRWG05UC9mbzZ2aWZpM0tILzViUjFWMVVDaVV3LzNnalRCZ0hRQVZDCll5bUppOTVlN0VYQW05eWNQckFlVk5iTFpMc0NBd0VBQWFOQ01FQXdEZ1lEVlIwUEFRSC9CQVFEQWdJRU1BOEcKQTFVZEV3RUIvd1FGTUFNQkFmOHdIUVlEVlIwT0JCWUVGQk0rbDlYZ1UzWVJ1ZFkxMXk3QzEzRW1TcVFmTUEwRwpDU3FHU0liM0RRRUJDd1VBQTRJQmdRQm40c3BQVFNBOVFiS0g5aHlOM0VNR044TkN0N2gvclRtSmx0VjA1aXRzCnZWTUFvYkRLaEY0eUhXbjVtQWdKTjJnbWwzQmYwTDdjWm96ZE8xL0YyUmtsMU03Zm15eGhmM1AraVU1VkQ4alAKN0pTUEZndlFXNlFaNE13aWtha2E1YThWQ2JjbDh0YkNjbS9UT0kvanhFQXA0V2xJYStsdEZzbi9HSHpZZ3loSwpNWVJCQUYxWTRITmVwSnZWaW1FbUFvV1VUR0prbER3aDV0OGJBYmx3aXlUREFvbG96N0hPcWZOODN3YjZORDlKCk9sNXhuYUQ1OERwWnlzWFFLOHpEcjFYbWo4L2xlTTRWRy9icElsUWo4OGNUTVVYZmlxbGt1UGh3aE1NZGdON0MKYjFmZE9mMFh2QmtkMCt2dWx5TEc5b3RpWWlXV1FRYWNKYmFyZUNZWk5wbDcyNkVHVGlySjZ5QThDdUtackhDSwp3OWZCM1N5T1lManNrRm1CTW0xNkVRbUxJY3ZnQkt3cHNnUkpFOWhyWGpsRWhPMEhsdnFvQ1NHRU9qT01CUWNNClRWeTVOdnluRmdGZWNtc1Q0cmxaNUo5bFltUStNbmQ2T3NBVTBlbytIcVJEOExqZDE0Y0VaSG9IclFBQzlzcncKWUdHcGU4c3Y2MmMyb0JMRU80M3FrVWM9Ci0tLS0tRU5EIENFUlRJRklDQVRFLS0tLS0K",
                "password": "",
                "username": ""
              }
            ],
            "master_authorized_networks_config": [],
            "master_version": "1.25.8-gke.500",
            "min_master_version": null,
            "monitoring_service": "monitoring.googleapis.com/kubernetes",
            "name": "emayan-assignment-cluster",
            "network": "projects/k8-assignment-app/global/networks/default",
            "network_policy": [
              {
                "enabled": false,
                "provider": "PROVIDER_UNSPECIFIED"
              }
            ],
            "node_config": [
              {
                "disk_size_gb": 10,
                "disk_type": "pd-standard",
                "guest_accelerator": [],
                "image_type": "COS_CONTAINERD",
                "labels": {},
                "local_ssd_count": 0,
                "machine_type": "e2-micro",
                "metadata": {
                  "disable-legacy-endpoints": "true"
                },
                "min_cpu_platform": "",
                "oauth_scopes": [
                  "https://www.googleapis.com/auth/devstorage.read_only",
                  "https://www.googleapis.com/auth/logging.write",
                  "https://www.googleapis.com/auth/monitoring",
                  "https://www.googleapis.com/auth/service.management.readonly",
                  "https://www.googleapis.com/auth/servicecontrol",
                  "https://www.googleapis.com/auth/trace.append"
                ],
                "preemptible": false,
                "sandbox_config": [],
                "service_account": "default",
                "shielded_instance_config": [
                  {
                    "enable_integrity_monitoring": true,
                    "enable_secure_boot": false
                  }
                ],
                "tags": null,
                "taint": [],
                "workload_metadata_config": []
              }
            ],
            "node_locations": [],
            "node_pool": [
              {
                "autoscaling": [],
                "initial_node_count": 1,
                "instance_group_urls": [
                  "https://www.googleapis.com/compute/v1/projects/k8-assignment-app/zones/us-central1-a/instanceGroupManagers/gke-emayan-assignment-cl-default-pool-55b7e897-grp"
                ],
                "management": [
                  {
                    "auto_repair": true,
                    "auto_upgrade": true
                  }
                ],
                "max_pods_per_node": 110,
                "name": "default-pool",
                "name_prefix": "",
                "node_config": [
                  {
                    "disk_size_gb": 10,
                    "disk_type": "pd-standard",
                    "guest_accelerator": [],
                    "image_type": "COS_CONTAINERD",
                    "labels": {},
                    "local_ssd_count": 0,
                    "machine_type": "e2-micro",
                    "metadata": {
                      "disable-legacy-endpoints": "true"
                    },
                    "min_cpu_platform": "",
                    "oauth_scopes": [
                      "https://www.googleapis.com/auth/devstorage.read_only",
                      "https://www.googleapis.com/auth/logging.write",
                      "https://www.googleapis.com/auth/monitoring",
                      "https://www.googleapis.com/auth/service.management.readonly",
                      "https://www.googleapis.com/auth/servicecontrol",
                      "https://www.googleapis.com/auth/trace.append"
                    ],
                    "preemptible": false,
                    "sandbox_config": [],
                    "service_account": "default",
                    "shielded_instance_config": [
                      {
                        "enable_integrity_monitoring": true,
                        "enable_secure_boot": false
                      }
                    ],
                    "tags": [],
                    "taint": [],
                    "workload_metadata_config": []
                  }
                ],
                "node_count": 1,
                "version": "1.25.8-gke.500"
              }
            ],
            "node_version": "1.25.8-gke.500",
            "operation": null,
            "pod_security_policy_config": null,
            "private_cluster_config": [
              {
                "enable_private_endpoint": false,
                "enable_private_nodes": false,
                "master_ipv4_cidr_block": "",
                "private_endpoint": "10.128.0.12",
                "public_endpoint": "34.28.244.82"
              }
            ],
            "project": "k8-assignment-app",
            "region": null,
            "remove_default_node_pool": null,
            "resource_labels": null,
            "services_ipv4_cidr": "10.36.0.0/20",
            "subnetwork": "projects/k8-assignment-app/regions/us-central1/subnetworks/default",
            "timeouts": null,
            "vertical_pod_autoscaling": [],
            "zone": null
          },
          "sensitive_attributes": [],
          "private": "eyJlMmJmYjczMC1lY2FhLTExZTYtOGY4OC0zNDM2M2JjN2M0YzAiOnsiY3JlYXRlIjoyNDAwMDAwMDAwMDAwLCJkZWxldGUiOjI0MDAwMDAwMDAwMDAsInVwZGF0ZSI6MzYwMDAwMDAwMDAwMH0sInNjaGVtYV92ZXJzaW9uIjoiMSJ9"
        }
      ]
    }
  ],
  "check_results": null
}
